
Microsoft Visual Studio Solution File, Format Version 12.00
# Visual Studio 15
VisualStudioVersion = 15.0.28307.136
MinimumVisualStudioVersion = 10.0.40219.1
Project("{FAE04EC0-301F-11D3-BF4B-00C04F79EFBC}") = "Calculator Console Code", "Calculator Console Code\Calculator Console Code.csproj", "{9465A46C-64BE-4E25-84A5-20D207C89008}"
EndProject
Global
	GlobalSection(SolutionConfigurationPlatforms) = preSolution
		Debug|Any CPU = Debug|Any CPU
		Release|Any CPU = Release|Any CPU
	EndGlobalSection
	GlobalSection(ProjectConfigurationPlatforms) = postSolution
		{9465A46C-64BE-4E25-84A5-20D207C89008}.Debug|Any CPU.ActiveCfg = Debug|Any CPU
		{9465A46C-64BE-4E25-84A5-20D207C89008}.Debug|Any CPU.Build.0 = Debug|Any CPU
		{9465A46C-64BE-4E25-84A5-20D207C89008}.Release|Any CPU.ActiveCfg = Release|Any CPU
		{9465A46C-64BE-4E25-84A5-20D207C89008}.Release|Any CPU.Build.0 = Release|Any CPU
	EndGlobalSection
	GlobalSection(SolutionProperties) = preSolution
		HideSolutionNode = FALSE
	EndGlobalSection
	GlobalSection(ExtensibilityGlobals) = postSolution
		SolutionGuid = {F87A8690-EE7A-41AF-8FDD-A94E0984178B}
	EndGlobalSection
EndGlobal
